// !$*UTF8*$!
{
	archiveVersion = 1;
	classes = {
	};
	objectVersion = 46;
	objects = {

/* Begin PBXBuildFile section */
		C45542D61C70D07600D85D9D /* PlayerPresentAnimator.m in Sources */ = {isa = PBXBuildFile; fileRef = C45542D51C70D07600D85D9D /* PlayerPresentAnimator.m */; };
		C48134F61C61937400420AA8 /* main.m in Sources */ = {isa = PBXBuildFile; fileRef = C48134F51C61937400420AA8 /* main.m */; };
		C48134F91C61937400420AA8 /* AppDelegate.m in Sources */ = {isa = PBXBuildFile; fileRef = C48134F81C61937400420AA8 /* AppDelegate.m */; };
		C48134FC1C61937400420AA8 /* ITunesTabViewController.m in Sources */ = {isa = PBXBuildFile; fileRef = C48134FB1C61937400420AA8 /* ITunesTabViewController.m */; };
		C48135011C61937400420AA8 /* Assets.xcassets in Resources */ = {isa = PBXBuildFile; fileRef = C48135001C61937400420AA8 /* Assets.xcassets */; };
		C48135041C61937400420AA8 /* LaunchScreen.storyboard in Resources */ = {isa = PBXBuildFile; fileRef = C48135021C61937400420AA8 /* LaunchScreen.storyboard */; };
		C481350D1C619F5B00420AA8 /* DemoContentVC.m in Sources */ = {isa = PBXBuildFile; fileRef = C481350C1C619F5B00420AA8 /* DemoContentVC.m */; };
		C481350F1C61A32F00420AA8 /* ForYourEntertainment.m4a in Resources */ = {isa = PBXBuildFile; fileRef = C481350E1C61A32F00420AA8 /* ForYourEntertainment.m4a */; };
		C48135111C61A44700420AA8 /* ITunesOverallPlayerView.xib in Resources */ = {isa = PBXBuildFile; fileRef = C48135101C61A44700420AA8 /* ITunesOverallPlayerView.xib */; };
		C48135181C61BEC500420AA8 /* ItunesPlayerView.m in Sources */ = {isa = PBXBuildFile; fileRef = C48135161C61BEC500420AA8 /* ItunesPlayerView.m */; };
		C48135191C61BEC500420AA8 /* ItunesPlayerView.xib in Resources */ = {isa = PBXBuildFile; fileRef = C48135171C61BEC500420AA8 /* ItunesPlayerView.xib */; };
		C481351C1C61CA8F00420AA8 /* AudioTool.m in Sources */ = {isa = PBXBuildFile; fileRef = C481351B1C61CA8F00420AA8 /* AudioTool.m */; };
		C48135201C61CC9300420AA8 /* PlayerDismissAnimator.m in Sources */ = {isa = PBXBuildFile; fileRef = C481351F1C61CC9300420AA8 /* PlayerDismissAnimator.m */; };
		C48135231C61CE9400420AA8 /* UIView+Duplicate.m in Sources */ = {isa = PBXBuildFile; fileRef = C48135221C61CE9400420AA8 /* UIView+Duplicate.m */; };
/* End PBXBuildFile section */

/* Begin PBXFileReference section */
		C45542D41C70D07600D85D9D /* PlayerPresentAnimator.h */ = {isa = PBXFileReference; fileEncoding = 4; lastKnownFileType = sourcecode.c.h; path = PlayerPresentAnimator.h; sourceTree = "<group>"; };
		C45542D51C70D07600D85D9D /* PlayerPresentAnimator.m */ = {isa = PBXFileReference; fileEncoding = 4; lastKnownFileType = sourcecode.c.objc; path = PlayerPresentAnimator.m; sourceTree = "<group>"; };
		C48134F11C61937400420AA8 /* InteractiveTransitionDemo.app */ = {isa = PBXFileReference; explicitFileType = wrapper.application; includeInIndex = 0; path = InteractiveTransitionDemo.app; sourceTree = BUILT_PRODUCTS_DIR; };
		C48134F51C61937400420AA8 /* main.m */ = {isa = PBXFileReference; lastKnownFileType = sourcecode.c.objc; path = main.m; sourceTree = "<group>"; };
		C48134F71C61937400420AA8 /* AppDelegate.h */ = {isa = PBXFileReference; lastKnownFileType = sourcecode.c.h; path = AppDelegate.h; sourceTree = "<group>"; };
		C48134F81C61937400420AA8 /* AppDelegate.m */ = {isa = PBXFileReference; lastKnownFileType = sourcecode.c.objc; path = AppDelegate.m; sourceTree = "<group>"; };
		C48134FA1C61937400420AA8 /* ITunesTabViewController.h */ = {isa = PBXFileReference; lastKnownFileType = sourcecode.c.h; path = ITunesTabViewController.h; sourceTree = "<group>"; };
		C48134FB1C61937400420AA8 /* ITunesTabViewController.m */ = {isa = PBXFileReference; lastKnownFileType = sourcecode.c.objc; path = ITunesTabViewController.m; sourceTree = "<group>"; };
		C48135001C61937400420AA8 /* Assets.xcassets */ = {isa = PBXFileReference; lastKnownFileType = folder.assetcatalog; path = Assets.xcassets; sourceTree = "<group>"; };
		C48135031C61937400420AA8 /* Base */ = {isa = PBXFileReference; lastKnownFileType = file.storyboard; name = Base; path = Base.lproj/LaunchScreen.storyboard; sourceTree = "<group>"; };
		C48135051C61937400420AA8 /* Info.plist */ = {isa = PBXFileReference; lastKnownFileType = text.plist.xml; path = Info.plist; sourceTree = "<group>"; };
		C481350B1C619F5B00420AA8 /* DemoContentVC.h */ = {isa = PBXFileReference; fileEncoding = 4; lastKnownFileType = sourcecode.c.h; path = DemoContentVC.h; sourceTree = "<group>"; };
		C481350C1C619F5B00420AA8 /* DemoContentVC.m */ = {isa = PBXFileReference; fileEncoding = 4; lastKnownFileType = sourcecode.c.objc; path = DemoContentVC.m; sourceTree = "<group>"; };
		C481350E1C61A32F00420AA8 /* ForYourEntertainment.m4a */ = {isa = PBXFileReference; lastKnownFileType = file; path = ForYourEntertainment.m4a; sourceTree = "<group>"; };
		C48135101C61A44700420AA8 /* ITunesOverallPlayerView.xib */ = {isa = PBXFileReference; fileEncoding = 4; lastKnownFileType = file.xib; path = ITunesOverallPlayerView.xib; sourceTree = "<group>"; };
		C48135151C61BEC500420AA8 /* ItunesPlayerView.h */ = {isa = PBXFileReference; fileEncoding = 4; lastKnownFileType = sourcecode.c.h; path = ItunesPlayerView.h; sourceTree = "<group>"; };
		C48135161C61BEC500420AA8 /* ItunesPlayerView.m */ = {isa = PBXFileReference; fileEncoding = 4; lastKnownFileType = sourcecode.c.objc; path = ItunesPlayerView.m; sourceTree = "<group>"; };
		C48135171C61BEC500420AA8 /* ItunesPlayerView.xib */ = {isa = PBXFileReference; fileEncoding = 4; lastKnownFileType = file.xib; path = ItunesPlayerView.xib; sourceTree = "<group>"; };
		C481351A1C61CA8F00420AA8 /* AudioTool.h */ = {isa = PBXFileReference; fileEncoding = 4; lastKnownFileType = sourcecode.c.h; path = AudioTool.h; sourceTree = "<group>"; };
		C481351B1C61CA8F00420AA8 /* AudioTool.m */ = {isa = PBXFileReference; fileEncoding = 4; lastKnownFileType = sourcecode.c.objc; path = AudioTool.m; sourceTree = "<group>"; };
		C481351E1C61CC9300420AA8 /* PlayerDismissAnimator.h */ = {isa = PBXFileReference; fileEncoding = 4; lastKnownFileType = sourcecode.c.h; path = PlayerDismissAnimator.h; sourceTree = "<group>"; };
		C481351F1C61CC9300420AA8 /* PlayerDismissAnimator.m */ = {isa = PBXFileReference; fileEncoding = 4; lastKnownFileType = sourcecode.c.objc; path = PlayerDismissAnimator.m; sourceTree = "<group>"; };
		C48135211C61CE9400420AA8 /* UIView+Duplicate.h */ = {isa = PBXFileReference; fileEncoding = 4; lastKnownFileType = sourcecode.c.h; path = "UIView+Duplicate.h"; sourceTree = "<group>"; };
		C48135221C61CE9400420AA8 /* UIView+Duplicate.m */ = {isa = PBXFileReference; fileEncoding = 4; lastKnownFileType = sourcecode.c.objc; path = "UIView+Duplicate.m"; sourceTree = "<group>"; };
/* End PBXFileReference section */

/* Begin PBXFrameworksBuildPhase section */
		C48134EE1C61937400420AA8 /* Frameworks */ = {
			isa = PBXFrameworksBuildPhase;
			buildActionMask = 2147483647;
			files = (
			);
			runOnlyForDeploymentPostprocessing = 0;
		};
/* End PBXFrameworksBuildPhase section */

/* Begin PBXGroup section */
		C48134E81C61937400420AA8 = {
			isa = PBXGroup;
			children = (
				C48134F31C61937400420AA8 /* InteractiveTransitionDemo */,
				C48134F21C61937400420AA8 /* Products */,
			);
			sourceTree = "<group>";
		};
		C48134F21C61937400420AA8 /* Products */ = {
			isa = PBXGroup;
			children = (
				C48134F11C61937400420AA8 /* InteractiveTransitionDemo.app */,
			);
			name = Products;
			sourceTree = "<group>";
		};
		C48134F31C61937400420AA8 /* InteractiveTransitionDemo */ = {
			isa = PBXGroup;
			children = (
				C48134F71C61937400420AA8 /* AppDelegate.h */,
				C48134F81C61937400420AA8 /* AppDelegate.m */,
				C45542D41C70D07600D85D9D /* PlayerPresentAnimator.h */,
				C45542D51C70D07600D85D9D /* PlayerPresentAnimator.m */,
				C481351E1C61CC9300420AA8 /* PlayerDismissAnimator.h */,
				C481351F1C61CC9300420AA8 /* PlayerDismissAnimator.m */,
				C48135241C61CE9A00420AA8 /* Utils */,
				C481351D1C61CBF200420AA8 /* Controllers */,
				C48135001C61937400420AA8 /* Assets.xcassets */,
				C48135021C61937400420AA8 /* LaunchScreen.storyboard */,
				C48134F41C61937400420AA8 /* Supporting Files */,
			);
			path = InteractiveTransitionDemo;
			sourceTree = "<group>";
		};
		C48134F41C61937400420AA8 /* Supporting Files */ = {
			isa = PBXGroup;
			children = (
				C48135051C61937400420AA8 /* Info.plist */,
				C48134F51C61937400420AA8 /* main.m */,
				C481350E1C61A32F00420AA8 /* ForYourEntertainment.m4a */,
			);
			name = "Supporting Files";
			sourceTree = "<group>";
		};
		C481351D1C61CBF200420AA8 /* Controllers */ = {
			isa = PBXGroup;
			children = (
				C481350B1C619F5B00420AA8 /* DemoContentVC.h */,
				C481350C1C619F5B00420AA8 /* DemoContentVC.m */,
				C48134FA1C61937400420AA8 /* ITunesTabViewController.h */,
				C48134FB1C61937400420AA8 /* ITunesTabViewController.m */,
				C48135151C61BEC500420AA8 /* ItunesPlayerView.h */,
				C48135161C61BEC500420AA8 /* ItunesPlayerView.m */,
				C48135171C61BEC500420AA8 /* ItunesPlayerView.xib */,
				C48135101C61A44700420AA8 /* ITunesOverallPlayerView.xib */,
			);
			name = Controllers;
			sourceTree = "<group>";
		};
		C48135241C61CE9A00420AA8 /* Utils */ = {
			isa = PBXGroup;
			children = (
				C481351A1C61CA8F00420AA8 /* AudioTool.h */,
				C481351B1C61CA8F00420AA8 /* AudioTool.m */,
				C48135211C61CE9400420AA8 /* UIView+Duplicate.h */,
				C48135221C61CE9400420AA8 /* UIView+Duplicate.m */,
			);
			name = Utils;
			sourceTree = "<group>";
		};
/* End PBXGroup section */

/* Begin PBXNativeTarget section */
		C48134F01C61937400420AA8 /* InteractiveTransitionDemo */ = {
			isa = PBXNativeTarget;
			buildConfigurationList = C48135081C61937400420AA8 /* Build configuration list for PBXNativeTarget "InteractiveTransitionDemo" */;
			buildPhases = (
				C48134ED1C61937400420AA8 /* Sources */,
				C48134EE1C61937400420AA8 /* Frameworks */,
				C48134EF1C61937400420AA8 /* Resources */,
			);
			buildRules = (
			);
			dependencies = (
			);
			name = InteractiveTransitionDemo;
			productName = InteractiveTransitionDemo;
			productReference = C48134F11C61937400420AA8 /* InteractiveTransitionDemo.app */;
			productType = "com.apple.product-type.application";
		};
/* End PBXNativeTarget section */

/* Begin PBXProject section */
		C48134E91C61937400420AA8 /* Project object */ = {
			isa = PBXProject;
			attributes = {
				LastUpgradeCheck = 0720;
				ORGANIZATIONNAME = Yihaodian;
				TargetAttributes = {
					C48134F01C61937400420AA8 = {
						CreatedOnToolsVersion = 7.2;
						DevelopmentTeam = F93845W87F;
					};
				};
			};
			buildConfigurationList = C48134EC1C61937400420AA8 /* Build configuration list for PBXProject "InteractiveTransitionDemo" */;
			compatibilityVersion = "Xcode 3.2";
			developmentRegion = English;
			hasScannedForEncodings = 0;
			knownRegions = (
				en,
				Base,
			);
			mainGroup = C48134E81C61937400420AA8;
			productRefGroup = C48134F21C61937400420AA8 /* Products */;
			projectDirPath = "";
			projectRoot = "";
			targets = (
				C48134F01C61937400420AA8 /* InteractiveTransitionDemo */,
			);
		};
/* End PBXProject section */

/* Begin PBXResourcesBuildPhase section */
		C48134EF1C61937400420AA8 /* Resources */ = {
			isa = PBXResourcesBuildPhase;
			buildActionMask = 2147483647;
			files = (
				C48135041C61937400420AA8 /* LaunchScreen.storyboard in Resources */,
				C48135111C61A44700420AA8 /* ITunesOverallPlayerView.xib in Resources */,
				C48135011C61937400420AA8 /* Assets.xcassets in Resources */,
				C481350F1C61A32F00420AA8 /* ForYourEntertainment.m4a in Resources */,
				C48135191C61BEC500420AA8 /* ItunesPlayerView.xib in Resources */,
			);
			runOnlyForDeploymentPostprocessing = 0;
		};
/* End PBXResourcesBuildPhase section */

/* Begin PBXSourcesBuildPhase section */
		C48134ED1C61937400420AA8 /* Sources */ = {
			isa = PBXSourcesBuildPhase;
			buildActionMask = 2147483647;
			files = (
				C481351C1C61CA8F00420AA8 /* AudioTool.m in Sources */,
				C48134FC1C61937400420AA8 /* ITunesTabViewController.m in Sources */,
				C48134F91C61937400420AA8 /* AppDelegate.m in Sources */,
				C48134F61C61937400420AA8 /* main.m in Sources */,
				C48135231C61CE9400420AA8 /* UIView+Duplicate.m in Sources */,
				C45542D61C70D07600D85D9D /* PlayerPresentAnimator.m in Sources */,
				C48135181C61BEC500420AA8 /* ItunesPlayerView.m in Sources */,
				C481350D1C619F5B00420AA8 /* DemoContentVC.m in Sources */,
				C48135201C61CC9300420AA8 /* PlayerDismissAnimator.m in Sources */,
			);
			runOnlyForDeploymentPostprocessing = 0;
		};
/* End PBXSourcesBuildPhase section */

/* Begin PBXVariantGroup section */
		C48135021C61937400420AA8 /* LaunchScreen.storyboard */ = {
			isa = PBXVariantGroup;
			children = (
				C48135031C61937400420AA8 /* Base */,
			);
			name = LaunchScreen.storyboard;
			sourceTree = "<group>";
		};
/* End PBXVariantGroup section */

/* Begin XCBuildConfiguration section */
		C48135061C61937400420AA8 /* Debug */ = {
			isa = XCBuildConfiguration;
			buildSettings = {
				ALWAYS_SEARCH_USER_PATHS = NO;
				CLANG_CXX_LANGUAGE_STANDARD = "gnu++0x";
				CLANG_CXX_LIBRARY = "libc++";
				CLANG_ENABLE_MODULES = YES;
				CLANG_ENABLE_OBJC_ARC = YES;
				CLANG_WARN_BOOL_CONVERSION = YES;
				CLANG_WARN_CONSTANT_CONVERSION = YES;
				CLANG_WARN_DIRECT_OBJC_ISA_USAGE = YES_ERROR;
				CLANG_WARN_EMPTY_BODY = YES;
				CLANG_WARN_ENUM_CONVERSION = YES;
				CLANG_WARN_INT_CONVERSION = YES;
				CLANG_WARN_OBJC_ROOT_CLASS = YES_ERROR;
				CLANG_WARN_UNREACHABLE_CODE = YES;
				CLANG_WARN__DUPLICATE_METHOD_MATCH = YES;
				"CODE_SIGN_IDENTITY[sdk=iphoneos*]" = "iPhone Developer";
				COPY_PHASE_STRIP = NO;
				DEBUG_INFORMATION_FORMAT = dwarf;
				ENABLE_STRICT_OBJC_MSGSEND = YES;
				ENABLE_TESTABILITY = YES;
				GCC_C_LANGUAGE_STANDARD = gnu99;
				GCC_DYNAMIC_NO_PIC = NO;
				GCC_NO_COMMON_BLOCKS = YES;
				GCC_OPTIMIZATION_LEVEL = 0;
				GCC_PREPROCESSOR_DEFINITIONS = (
					"DEBUG=1",
					"$(inherited)",
				);
				GCC_WARN_64_TO_32_BIT_CONVERSION = YES;
				GCC_WARN_ABOUT_RETURN_TYPE = YES_ERROR;
				GCC_WARN_UNDECLARED_SELECTOR = YES;
				GCC_WARN_UNINITIALIZED_AUTOS = YES_AGGRESSIVE;
				GCC_WARN_UNUSED_FUNCTION = YES;
				GCC_WARN_UNUSED_VARIABLE = YES;
				IPHONEOS_DEPLOYMENT_TARGET = 9.2;
				MTL_ENABLE_DEBUG_INFO = YES;
				ONLY_ACTIVE_ARCH = YES;
				SDKROOT = iphoneos;
				TARGETED_DEVICE_FAMILY = "1,2";
			};
			name = Debug;
		};
		C48135071C61937400420AA8 /* Release */ = {
			isa = XCBuildConfiguration;
			buildSettings = {
				ALWAYS_SEARCH_USER_PATHS = NO;
				CLANG_CXX_LANGUAGE_STANDARD = "gnu++0x";
				CLANG_CXX_LIBRARY = "libc++";
				CLANG_ENABLE_MODULES = YES;
				CLANG_ENABLE_OBJC_ARC = YES;
				CLANG_WARN_BOOL_CONVERSION = YES;
				CLANG_WARN_CONSTANT_CONVERSION = YES;
				CLANG_WARN_DIRECT_OBJC_ISA_USAGE = YES_ERROR;
				CLANG_WARN_EMPTY_BODY = YES;
				CLANG_WARN_ENUM_CONVERSION = YES;
				CLANG_WARN_INT_CONVERSION = YES;
				CLANG_WARN_OBJC_ROOT_CLASS = YES_ERROR;
				CLANG_WARN_UNREACHABLE_CODE = YES;
				CLANG_WARN__DUPLICATE_METHOD_MATCH = YES;
				"CODE_SIGN_IDENTITY[sdk=iphoneos*]" = "iPhone Developer";
				COPY_PHASE_STRIP = NO;
				DEBUG_INFORMATION_FORMAT = "dwarf-with-dsym";
				ENABLE_NS_ASSERTIONS = NO;
				ENABLE_STRICT_OBJC_MSGSEND = YES;
				GCC_C_LANGUAGE_STANDARD = gnu99;
				GCC_NO_COMMON_BLOCKS = YES;
				GCC_WARN_64_TO_32_BIT_CONVERSION = YES;
				GCC_WARN_ABOUT_RETURN_TYPE = YES_ERROR;
				GCC_WARN_UNDECLARED_SELECTOR = YES;
				GCC_WARN_UNINITIALIZED_AUTOS = YES_AGGRESSIVE;
				GCC_WARN_UNUSED_FUNCTION = YES;
				GCC_WARN_UNUSED_VARIABLE = YES;
				IPHONEOS_DEPLOYMENT_TARGET = 9.2;
				MTL_ENABLE_DEBUG_INFO = NO;
				SDKROOT = iphoneos;
				TARGETED_DEVICE_FAMILY = "1,2";
				VALIDATE_PRODUCT = YES;
			};
			name = Release;
		};
		C48135091C61937400420AA8 /* Debug */ = {
			isa = XCBuildConfiguration;
			buildSettings = {
				ASSETCATALOG_COMPILER_APPICON_NAME = AppIcon;
				CODE_SIGN_IDENTITY = "iPhone Developer";
				"CODE_SIGN_IDENTITY[sdk=iphoneos*]" = "iPhone Developer";
				INFOPLIST_FILE = InteractiveTransitionDemo/Info.plist;
				IPHONEOS_DEPLOYMENT_TARGET = 8.0;
				LD_RUNPATH_SEARCH_PATHS = "$(inherited) @executable_path/Frameworks";
				PRODUCT_BUNDLE_IDENTIFIER = com.yihaodian.InteractiveTransitionDemo;
				PRODUCT_NAME = "$(TARGET_NAME)";
				PROVISIONING_PROFILE = "";
			};
			name = Debug;
		};
		C481350A1C61937400420AA8 /* Release */ = {
			isa = XCBuildConfiguration;
			buildSettings = {
				ASSETCATALOG_COMPILER_APPICON_NAME = AppIcon;
				CODE_SIGN_IDENTITY = "iPhone Developer";
				"CODE_SIGN_IDENTITY[sdk=iphoneos*]" = "iPhone Developer";
				INFOPLIST_FILE = InteractiveTransitionDemo/Info.plist;
				IPHONEOS_DEPLOYMENT_TARGET = 8.0;
				LD_RUNPATH_SEARCH_PATHS = "$(inherited) @executable_path/Frameworks";
				PRODUCT_BUNDLE_IDENTIFIER = com.yihaodian.InteractiveTransitionDemo;
				PRODUCT_NAME = "$(TARGET_NAME)";
				PROVISIONING_PROFILE = "";
			};
			name = Release;
		};
/* End XCBuildConfiguration section */

/* Begin XCConfigurationList section */
		C48134EC1C61937400420AA8 /* Build configuration list for PBXProject "InteractiveTransitionDemo" */ = {
			isa = XCConfigurationList;
			buildConfigurations = (
				C48135061C61937400420AA8 /* Debug */,
				C48135071C61937400420AA8 /* Release */,
			);
			defaultConfigurationIsVisible = 0;
			defaultConfigurationName = Release;
		};
		C48135081C61937400420AA8 /* Build configuration list for PBXNativeTarget "InteractiveTransitionDemo" */ = {
			isa = XCConfigurationList;
			buildConfigurations = (
				C48135091C61937400420AA8 /* Debug */,
				C481350A1C61937400420AA8 /* Release */,
			);
			defaultConfigurationIsVisible = 0;
			defaultConfigurationName = Release;
		};
/* End XCConfigurationList section */
	};
	rootObject = C48134E91C61937400420AA8 /* Project object */;
}
